
Microsoft Visual Studio Solution File, Format Version 12.00
# Visual Studio Version 17
VisualStudioVersion = 17.7.34031.279
MinimumVisualStudioVersion = 10.0.40219.1
Project("{FAE04EC0-301F-11D3-BF4B-00C04F79EFBC}") = "DapperAPI", "DapperAPI\DapperAPI.csproj", "{96FED928-1298-483B-8565-11E24A442C69}"
EndProject
Global
	GlobalSection(SolutionConfigurationPlatforms) = preSolution
		Debug|Any CPU = Debug|Any CPU
		Release|Any CPU = Release|Any CPU
	EndGlobalSection
	GlobalSection(ProjectConfigurationPlatforms) = postSolution
		{96FED928-1298-483B-8565-11E24A442C69}.Debug|Any CPU.ActiveCfg = Debug|Any CPU
		{96FED928-1298-483B-8565-11E24A442C69}.Debug|Any CPU.Build.0 = Debug|Any CPU
		{96FED928-1298-483B-8565-11E24A442C69}.Release|Any CPU.ActiveCfg = Release|Any CPU
		{96FED928-1298-483B-8565-11E24A442C69}.Release|Any CPU.Build.0 = Release|Any CPU
	EndGlobalSection
	GlobalSection(SolutionProperties) = preSolution
		HideSolutionNode = FALSE
	EndGlobalSection
	GlobalSection(ExtensibilityGlobals) = postSolution
		SolutionGuid = {872FF4DC-3A66-4449-BA56-11C57062E83E}
	EndGlobalSection
EndGlobal
